{
  "name": "微信小程序项目",
  "lockfileVersion": 3,
  "requires": true,
  "packages": {
    "": {
      "dependencies": {
        "@vant/weapp": "^1.10.20"
      }
    },
    "node_modules/@vant/weapp": {
      "version": "1.10.20",
      "resolved": "https://registry.npmmirror.com/@vant/weapp/-/weapp-1.10.20.tgz",
      "integrity": "sha512-smztfdwNhS9i8+QrEzD293LJCHy6q+WlDcy1dZCrfW09gf5dY5XGMHK3UsPJ+hNahZh0KPQ/jkN0NiXb5v+HjA=="
    }
  }
}
